PODS:
  - InitialsImageView (0.6.0)
  - RSKImageCropper (2.2.3)
  - SDWebImage (5.3.0):
    - SDWebImage/Core (= 5.3.0)
  - SDWebImage/Core (5.3.0)

DEPENDENCIES:
  - InitialsImageView
  - RSKImageCropper
  - SDWebImage

SPEC REPOS:
  trunk:
    - InitialsImageView
    - RSKImageCropper
    - SDWebImage

SPEC CHECKSUMS:
  InitialsImageView: 09a5a30bdfaad2a8d9bb31b43257ae6ebcc8b52a
  RSKImageCropper: a446db0e8444a036b34f3c43db01b2373baa4b2a
  SDWebImage: f1afa74b86587c2c63f4e80dfd39b21e3c17b45b

PODFILE CHECKSUM: c43e8d773b5b9f7ae9ceb11e0cf59b49f0b71f91

COCOAPODS: 1.8.4
