// !$*UTF8*$!
{
	archiveVersion = 1;
	classes = {
	};
	objectVersion = 51;
	objects = {

/* Begin PBXBuildFile section */
		08A464627A195C6A2873CF84 /* Pods_localhost_localhostUITests.framework in Frameworks */ = {isa = PBXBuildFile; fileRef = 8310D0417BE2BF3022CAE98E /* Pods_localhost_localhostUITests.framework */; };
		230E0E8523986944001AB7E6 /* FiltersTableViewController.swift in Sources */ = {isa = PBXBuildFile; fileRef = 230E0E8423986944001AB7E6 /* FiltersTableViewController.swift */; };
		31DF515B73DD850C4ABDB745 /* Pods_localhost.framework in Frameworks */ = {isa = PBXBuildFile; fileRef = EABC756ECEE2BDCF6FCFAE9D /* Pods_localhost.framework */; };
		5B1748D223634BB3004532AE /* AppDelegate.swift in Sources */ = {isa = PBXBuildFile; fileRef = 5B1748D123634BB3004532AE /* AppDelegate.swift */; };
		5B1748DB23634BB5004532AE /* Assets.xcassets in Resources */ = {isa = PBXBuildFile; fileRef = 5B1748DA23634BB5004532AE /* Assets.xcassets */; };
		5B1748DE23634BB5004532AE /* LaunchScreen.storyboard in Resources */ = {isa = PBXBuildFile; fileRef = 5B1748DC23634BB5004532AE /* LaunchScreen.storyboard */; };
		5B1748E923634BB5004532AE /* localhostTests.swift in Sources */ = {isa = PBXBuildFile; fileRef = 5B1748E823634BB5004532AE /* localhostTests.swift */; };
		5B1748F423634BB6004532AE /* localhostUITests.swift in Sources */ = {isa = PBXBuildFile; fileRef = 5B1748F323634BB6004532AE /* localhostUITests.swift */; };
		5B5FF03C23CE3847009B8AC7 /* ReviewsViewController.swift in Sources */ = {isa = PBXBuildFile; fileRef = 5B5FF03B23CE3847009B8AC7 /* ReviewsViewController.swift */; };
		5BAA241523BE545F007F7146 /* MapAnnotationModalViewController.swift in Sources */ = {isa = PBXBuildFile; fileRef = 5BAA241423BE545F007F7146 /* MapAnnotationModalViewController.swift */; };
		9996804D23B6873B00724F45 /* ChatViewController.swift in Sources */ = {isa = PBXBuildFile; fileRef = 9996804C23B6873B00724F45 /* ChatViewController.swift */; };
		9996804F23B6886A00724F45 /* Chat.swift in Sources */ = {isa = PBXBuildFile; fileRef = 9996804E23B6886A00724F45 /* Chat.swift */; };
		9996805123B6887600724F45 /* Message.swift in Sources */ = {isa = PBXBuildFile; fileRef = 9996805023B6887600724F45 /* Message.swift */; };
		99D4020423B803060093ADBC /* AskAdviceViewController.swift in Sources */ = {isa = PBXBuildFile; fileRef = 99D4020323B803060093ADBC /* AskAdviceViewController.swift */; };
		99D4020623BA3BA50093ADBC /* QuestionTableViewCell.swift in Sources */ = {isa = PBXBuildFile; fileRef = 99D4020523BA3BA50093ADBC /* QuestionTableViewCell.swift */; };
		99D4020823BA3F070093ADBC /* Question.swift in Sources */ = {isa = PBXBuildFile; fileRef = 99D4020723BA3F070093ADBC /* Question.swift */; };
		9FFF675A78A806AB3504979F /* Pods_localhostTests.framework in Frameworks */ = {isa = PBXBuildFile; fileRef = 4DB14336AA67FCAA43C22716 /* Pods_localhostTests.framework */; };
		C711AD7E238D7E4000A58DE7 /* MapAnnotationDetailController.swift in Sources */ = {isa = PBXBuildFile; fileRef = C711AD7D238D7E4000A58DE7 /* MapAnnotationDetailController.swift */; };
		C711AD80239040AF00A58DE7 /* Local.swift in Sources */ = {isa = PBXBuildFile; fileRef = C711AD7F239040AF00A58DE7 /* Local.swift */; };
		C711AD82239045E300A58DE7 /* Review.swift in Sources */ = {isa = PBXBuildFile; fileRef = C711AD81239045E300A58DE7 /* Review.swift */; };
		C720D48C239844220039A433 /* InitialViewController.swift in Sources */ = {isa = PBXBuildFile; fileRef = C720D48B239844220039A433 /* InitialViewController.swift */; };
		C720D49023984E7E0039A433 /* Items.swift in Sources */ = {isa = PBXBuildFile; fileRef = C720D48F23984E7E0039A433 /* Items.swift */; };
		C720D492239879C50039A433 /* Artwork.swift in Sources */ = {isa = PBXBuildFile; fileRef = C720D491239879C50039A433 /* Artwork.swift */; };
		C72BAED8236FC2A40022C461 /* MapViewController.swift in Sources */ = {isa = PBXBuildFile; fileRef = C72BAED7236FC2A40022C461 /* MapViewController.swift */; };
		C72BAEDA236FC4240022C461 /* LocationSearchTableController.swift in Sources */ = {isa = PBXBuildFile; fileRef = C72BAED9236FC4240022C461 /* LocationSearchTableController.swift */; };
		C75321DB239688CC003BB49C /* CustomAnotation.swift in Sources */ = {isa = PBXBuildFile; fileRef = C75321DA239688CC003BB49C /* CustomAnotation.swift */; };
		C766EC58236FD1120006A248 /* MapFiltersController.swift in Sources */ = {isa = PBXBuildFile; fileRef = C766EC57236FD1120006A248 /* MapFiltersController.swift */; };
		C766EC5A236FD4D20006A248 /* SettingsViewController.swift in Sources */ = {isa = PBXBuildFile; fileRef = C766EC59236FD4D20006A248 /* SettingsViewController.swift */; };
		C766EC5C236FD4FC0006A248 /* InfoViewController.swift in Sources */ = {isa = PBXBuildFile; fileRef = C766EC5B236FD4FC0006A248 /* InfoViewController.swift */; };
		C766EC5F236FD5420006A248 /* Utils.swift in Sources */ = {isa = PBXBuildFile; fileRef = C766EC5E236FD5420006A248 /* Utils.swift */; };
		C766EC61236FD9AD0006A248 /* RecommendationsViewController.swift in Sources */ = {isa = PBXBuildFile; fileRef = C766EC60236FD9AD0006A248 /* RecommendationsViewController.swift */; };
		C766EC63236FDB4D0006A248 /* PlacesListViewController.swift in Sources */ = {isa = PBXBuildFile; fileRef = C766EC62236FDB4D0006A248 /* PlacesListViewController.swift */; };
		C766EC65236FDCDD0006A248 /* ListFiltersController.swift in Sources */ = {isa = PBXBuildFile; fileRef = C766EC64236FDCDD0006A248 /* ListFiltersController.swift */; };
		C766EC67236FDE530006A248 /* LoginViewController.swift in Sources */ = {isa = PBXBuildFile; fileRef = C766EC66236FDE530006A248 /* LoginViewController.swift */; };
		C766EC69236FDE5E0006A248 /* RegisterViewController.swift in Sources */ = {isa = PBXBuildFile; fileRef = C766EC68236FDE5E0006A248 /* RegisterViewController.swift */; };
		C769DE812383953200020527 /* KeychainPasswordItem.swift in Sources */ = {isa = PBXBuildFile; fileRef = C769DE802383953200020527 /* KeychainPasswordItem.swift */; };
		C769DE8323839C9400020527 /* BiometricAuth.swift in Sources */ = {isa = PBXBuildFile; fileRef = C769DE8223839C9400020527 /* BiometricAuth.swift */; };
		C776DE632395220E00EA1767 /* UserReviewer.swift in Sources */ = {isa = PBXBuildFile; fileRef = C776DE622395220E00EA1767 /* UserReviewer.swift */; };
		C776DE652395268D00EA1767 /* LocalTableViewCell.swift in Sources */ = {isa = PBXBuildFile; fileRef = C776DE642395268D00EA1767 /* LocalTableViewCell.swift */; };
		C78DA8492381EE8500CCD60C /* NetworkHandler.swift in Sources */ = {isa = PBXBuildFile; fileRef = C78DA8482381EE8500CCD60C /* NetworkHandler.swift */; };
		C78DA84B2382145F00CCD60C /* NetworkErrors.swift in Sources */ = {isa = PBXBuildFile; fileRef = C78DA84A2382145F00CCD60C /* NetworkErrors.swift */; };
		C78DA84D2382263400CCD60C /* Cities.swift in Sources */ = {isa = PBXBuildFile; fileRef = C78DA84C2382263400CCD60C /* Cities.swift */; };
		C7A31CB123CFF40900271E76 /* Localizable.strings in Resources */ = {isa = PBXBuildFile; fileRef = C7A31CB323CFF40900271E76 /* Localizable.strings */; };
		C7A81B9D239883BB00B59A7A /* ArtworkView.swift in Sources */ = {isa = PBXBuildFile; fileRef = C7A81B9C239883BB00B59A7A /* ArtworkView.swift */; };
		C7B62395236FE1B900CF4CF6 /* TabBarController.swift in Sources */ = {isa = PBXBuildFile; fileRef = C7B62394236FE1B900CF4CF6 /* TabBarController.swift */; };
		C7B62398236FE20700CF4CF6 /* User.swift in Sources */ = {isa = PBXBuildFile; fileRef = C7B62397236FE20700CF4CF6 /* User.swift */; };
		C7CA1DFB236FE5F200A1A72A /* Main.storyboard in Resources */ = {isa = PBXBuildFile; fileRef = C7CA1DF9236FE5F200A1A72A /* Main.storyboard */; };
		C7CCE92023CCDDF6001F399E /* GoogleService-Info.plist in Resources */ = {isa = PBXBuildFile; fileRef = C7CCE91F23CCDDF5001F399E /* GoogleService-Info.plist */; };
		C7CCE92223CCE556001F399E /* PushNotificationManager.swift in Sources */ = {isa = PBXBuildFile; fileRef = C7CCE92123CCE556001F399E /* PushNotificationManager.swift */; };
		C7CCE92423CD1629001F399E /* PushNotificationSender.swift in Sources */ = {isa = PBXBuildFile; fileRef = C7CCE92323CD1629001F399E /* PushNotificationSender.swift */; };
		C7D6EF6223711B6300D33E4B /* SceneDelegate.swift in Sources */ = {isa = PBXBuildFile; fileRef = C7D6EF6123711B6200D33E4B /* SceneDelegate.swift */; };
		C7D9339A2399F98300CC5464 /* ReviewTableViewCell.swift in Sources */ = {isa = PBXBuildFile; fileRef = C7D933992399F98300CC5464 /* ReviewTableViewCell.swift */; };
		C7E3D18223D20BEC005183C1 /* ListReviewsViewController.swift in Sources */ = {isa = PBXBuildFile; fileRef = C7E3D18123D20BEC005183C1 /* ListReviewsViewController.swift */; };
		C7E9E67A23710082004BB27C /* ProfileViewController.swift in Sources */ = {isa = PBXBuildFile; fileRef = C7E9E67923710082004BB27C /* ProfileViewController.swift */; };
		C7F805F12399351C005E1212 /* LocalDetailedViewController.swift in Sources */ = {isa = PBXBuildFile; fileRef = C7F805F02399351C005E1212 /* LocalDetailedViewController.swift */; };
		EBBBBD2A23CD2958009B8496 /* ModalDetailPageViewController.swift in Sources */ = {isa = PBXBuildFile; fileRef = EBBBBD2923CD2958009B8496 /* ModalDetailPageViewController.swift */; };
/* End PBXBuildFile section */

/* Begin PBXContainerItemProxy section */
		5B1748E523634BB5004532AE /* PBXContainerItemProxy */ = {
			isa = PBXContainerItemProxy;
			containerPortal = 5B1748C623634BB3004532AE /* Project object */;
			proxyType = 1;
			remoteGlobalIDString = 5B1748CD23634BB3004532AE;
			remoteInfo = localhost;
		};
		5B1748F023634BB5004532AE /* PBXContainerItemProxy */ = {
			isa = PBXContainerItemProxy;
			containerPortal = 5B1748C623634BB3004532AE /* Project object */;
			proxyType = 1;
			remoteGlobalIDString = 5B1748CD23634BB3004532AE;
			remoteInfo = localhost;
		};
/* End PBXContainerItemProxy section */

/* Begin PBXFileReference section */
		230E0E8423986944001AB7E6 /* FiltersTableViewController.swift */ = {isa = PBXFileReference; lastKnownFileType = sourcecode.swift; path = FiltersTableViewController.swift; sourceTree = "<group>"; };
		4DB14336AA67FCAA43C22716 /* Pods_localhostTests.framework */ = {isa = PBXFileReference; explicitFileType = wrapper.framework; includeInIndex = 0; path = Pods_localhostTests.framework; sourceTree = BUILT_PRODUCTS_DIR; };
		5B1748CE23634BB3004532AE /* Localhost.app */ = {isa = PBXFileReference; explicitFileType = wrapper.application; includeInIndex = 0; path = Localhost.app; sourceTree = BUILT_PRODUCTS_DIR; };
		5B1748D123634BB3004532AE /* AppDelegate.swift */ = {isa = PBXFileReference; lastKnownFileType = sourcecode.swift; path = AppDelegate.swift; sourceTree = "<group>"; };
		5B1748DA23634BB5004532AE /* Assets.xcassets */ = {isa = PBXFileReference; lastKnownFileType = folder.assetcatalog; path = Assets.xcassets; sourceTree = "<group>"; };
		5B1748DD23634BB5004532AE /* Base */ = {isa = PBXFileReference; lastKnownFileType = file.storyboard; name = Base; path = Base.lproj/LaunchScreen.storyboard; sourceTree = "<group>"; };
		5B1748DF23634BB5004532AE /* Info.plist */ = {isa = PBXFileReference; lastKnownFileType = text.plist.xml; path = Info.plist; sourceTree = "<group>"; };
		5B1748E423634BB5004532AE /* localhostTests.xctest */ = {isa = PBXFileReference; explicitFileType = wrapper.cfbundle; includeInIndex = 0; path = localhostTests.xctest; sourceTree = BUILT_PRODUCTS_DIR; };
		5B1748E823634BB5004532AE /* localhostTests.swift */ = {isa = PBXFileReference; lastKnownFileType = sourcecode.swift; path = localhostTests.swift; sourceTree = "<group>"; };
		5B1748EA23634BB5004532AE /* Info.plist */ = {isa = PBXFileReference; lastKnownFileType = text.plist.xml; path = Info.plist; sourceTree = "<group>"; };
		5B1748EF23634BB5004532AE /* localhostUITests.xctest */ = {isa = PBXFileReference; explicitFileType = wrapper.cfbundle; includeInIndex = 0; path = localhostUITests.xctest; sourceTree = BUILT_PRODUCTS_DIR; };
		5B1748F323634BB6004532AE /* localhostUITests.swift */ = {isa = PBXFileReference; lastKnownFileType = sourcecode.swift; path = localhostUITests.swift; sourceTree = "<group>"; };
		5B1748F523634BB6004532AE /* Info.plist */ = {isa = PBXFileReference; lastKnownFileType = text.plist.xml; path = Info.plist; sourceTree = "<group>"; };
		5B5FF03B23CE3847009B8AC7 /* ReviewsViewController.swift */ = {isa = PBXFileReference; lastKnownFileType = sourcecode.swift; path = ReviewsViewController.swift; sourceTree = "<group>"; };
		5BAA241423BE545F007F7146 /* MapAnnotationModalViewController.swift */ = {isa = PBXFileReference; lastKnownFileType = sourcecode.swift; path = MapAnnotationModalViewController.swift; sourceTree = "<group>"; };
		7F954917C992F384FB4FCEF7 /* Pods-localhostTests.debug.xcconfig */ = {isa = PBXFileReference; includeInIndex = 1; lastKnownFileType = text.xcconfig; name = "Pods-localhostTests.debug.xcconfig"; path = "Target Support Files/Pods-localhostTests/Pods-localhostTests.debug.xcconfig"; sourceTree = "<group>"; };
		8310D0417BE2BF3022CAE98E /* Pods_localhost_localhostUITests.framework */ = {isa = PBXFileReference; explicitFileType = wrapper.framework; includeInIndex = 0; path = Pods_localhost_localhostUITests.framework; sourceTree = BUILT_PRODUCTS_DIR; };
		854FD002A07AE702A8ADB2E0 /* Pods-localhost.release.xcconfig */ = {isa = PBXFileReference; includeInIndex = 1; lastKnownFileType = text.xcconfig; name = "Pods-localhost.release.xcconfig"; path = "Target Support Files/Pods-localhost/Pods-localhost.release.xcconfig"; sourceTree = "<group>"; };
		9996804C23B6873B00724F45 /* ChatViewController.swift */ = {isa = PBXFileReference; lastKnownFileType = sourcecode.swift; path = ChatViewController.swift; sourceTree = "<group>"; };
		9996804E23B6886A00724F45 /* Chat.swift */ = {isa = PBXFileReference; lastKnownFileType = sourcecode.swift; path = Chat.swift; sourceTree = "<group>"; };
		9996805023B6887600724F45 /* Message.swift */ = {isa = PBXFileReference; lastKnownFileType = sourcecode.swift; path = Message.swift; sourceTree = "<group>"; };
		99D4020323B803060093ADBC /* AskAdviceViewController.swift */ = {isa = PBXFileReference; lastKnownFileType = sourcecode.swift; path = AskAdviceViewController.swift; sourceTree = "<group>"; };
		99D4020523BA3BA50093ADBC /* QuestionTableViewCell.swift */ = {isa = PBXFileReference; lastKnownFileType = sourcecode.swift; path = QuestionTableViewCell.swift; sourceTree = "<group>"; };
		99D4020723BA3F070093ADBC /* Question.swift */ = {isa = PBXFileReference; lastKnownFileType = sourcecode.swift; path = Question.swift; sourceTree = "<group>"; };
		A8E9A9CBCA1B3BECDAADC893 /* Pods-localhostTests.release.xcconfig */ = {isa = PBXFileReference; includeInIndex = 1; lastKnownFileType = text.xcconfig; name = "Pods-localhostTests.release.xcconfig"; path = "Target Support Files/Pods-localhostTests/Pods-localhostTests.release.xcconfig"; sourceTree = "<group>"; };
		C711AD7D238D7E4000A58DE7 /* MapAnnotationDetailController.swift */ = {isa = PBXFileReference; lastKnownFileType = sourcecode.swift; path = MapAnnotationDetailController.swift; sourceTree = "<group>"; };
		C711AD7F239040AF00A58DE7 /* Local.swift */ = {isa = PBXFileReference; lastKnownFileType = sourcecode.swift; path = Local.swift; sourceTree = "<group>"; };
		C711AD81239045E300A58DE7 /* Review.swift */ = {isa = PBXFileReference; lastKnownFileType = sourcecode.swift; path = Review.swift; sourceTree = "<group>"; };
		C720D48B239844220039A433 /* InitialViewController.swift */ = {isa = PBXFileReference; lastKnownFileType = sourcecode.swift; path = InitialViewController.swift; sourceTree = "<group>"; };
		C720D48F23984E7E0039A433 /* Items.swift */ = {isa = PBXFileReference; lastKnownFileType = sourcecode.swift; path = Items.swift; sourceTree = "<group>"; };
		C720D491239879C50039A433 /* Artwork.swift */ = {isa = PBXFileReference; lastKnownFileType = sourcecode.swift; path = Artwork.swift; sourceTree = "<group>"; };
		C72BAED7236FC2A40022C461 /* MapViewController.swift */ = {isa = PBXFileReference; lastKnownFileType = sourcecode.swift; path = MapViewController.swift; sourceTree = "<group>"; };
		C72BAED9236FC4240022C461 /* LocationSearchTableController.swift */ = {isa = PBXFileReference; lastKnownFileType = sourcecode.swift; path = LocationSearchTableController.swift; sourceTree = "<group>"; };
		C75321DA239688CC003BB49C /* CustomAnotation.swift */ = {isa = PBXFileReference; lastKnownFileType = sourcecode.swift; path = CustomAnotation.swift; sourceTree = "<group>"; };
		C75996462388C2D100E23CE5 /* Localhost.entitlements */ = {isa = PBXFileReference; lastKnownFileType = text.plist.entitlements; path = Localhost.entitlements; sourceTree = "<group>"; };
		C75A19A723D243240097C38E /* pt-PT */ = {isa = PBXFileReference; lastKnownFileType = text.plist.strings; name = "pt-PT"; path = "pt-PT.lproj/Main.strings"; sourceTree = "<group>"; };
		C75A19AB23D24A710097C38E /* en */ = {isa = PBXFileReference; lastKnownFileType = text.plist.strings; name = en; path = en.lproj/Main.strings; sourceTree = "<group>"; };
		C766EC57236FD1120006A248 /* MapFiltersController.swift */ = {isa = PBXFileReference; lastKnownFileType = sourcecode.swift; path = MapFiltersController.swift; sourceTree = "<group>"; };
		C766EC59236FD4D20006A248 /* SettingsViewController.swift */ = {isa = PBXFileReference; lastKnownFileType = sourcecode.swift; path = SettingsViewController.swift; sourceTree = "<group>"; };
		C766EC5B236FD4FC0006A248 /* InfoViewController.swift */ = {isa = PBXFileReference; lastKnownFileType = sourcecode.swift; path = InfoViewController.swift; sourceTree = "<group>"; };
		C766EC5E236FD5420006A248 /* Utils.swift */ = {isa = PBXFileReference; lastKnownFileType = sourcecode.swift; path = Utils.swift; sourceTree = "<group>"; };
		C766EC60236FD9AD0006A248 /* RecommendationsViewController.swift */ = {isa = PBXFileReference; lastKnownFileType = sourcecode.swift; path = RecommendationsViewController.swift; sourceTree = "<group>"; };
		C766EC62236FDB4D0006A248 /* PlacesListViewController.swift */ = {isa = PBXFileReference; lastKnownFileType = sourcecode.swift; path = PlacesListViewController.swift; sourceTree = "<group>"; };
		C766EC64236FDCDD0006A248 /* ListFiltersController.swift */ = {isa = PBXFileReference; lastKnownFileType = sourcecode.swift; path = ListFiltersController.swift; sourceTree = "<group>"; };
		C766EC66236FDE530006A248 /* LoginViewController.swift */ = {isa = PBXFileReference; lastKnownFileType = sourcecode.swift; path = LoginViewController.swift; sourceTree = "<group>"; };
		C766EC68236FDE5E0006A248 /* RegisterViewController.swift */ = {isa = PBXFileReference; lastKnownFileType = sourcecode.swift; path = RegisterViewController.swift; sourceTree = "<group>"; };
		C769DE802383953200020527 /* KeychainPasswordItem.swift */ = {isa = PBXFileReference; fileEncoding = 4; lastKnownFileType = sourcecode.swift; path = KeychainPasswordItem.swift; sourceTree = "<group>"; };
		C769DE8223839C9400020527 /* BiometricAuth.swift */ = {isa = PBXFileReference; lastKnownFileType = sourcecode.swift; path = BiometricAuth.swift; sourceTree = "<group>"; };
		C776DE622395220E00EA1767 /* UserReviewer.swift */ = {isa = PBXFileReference; lastKnownFileType = sourcecode.swift; path = UserReviewer.swift; sourceTree = "<group>"; };
		C776DE642395268D00EA1767 /* LocalTableViewCell.swift */ = {isa = PBXFileReference; lastKnownFileType = sourcecode.swift; path = LocalTableViewCell.swift; sourceTree = "<group>"; };
		C78DA8482381EE8500CCD60C /* NetworkHandler.swift */ = {isa = PBXFileReference; lastKnownFileType = sourcecode.swift; path = NetworkHandler.swift; sourceTree = "<group>"; };
		C78DA84A2382145F00CCD60C /* NetworkErrors.swift */ = {isa = PBXFileReference; lastKnownFileType = sourcecode.swift; path = NetworkErrors.swift; sourceTree = "<group>"; };
		C78DA84C2382263400CCD60C /* Cities.swift */ = {isa = PBXFileReference; lastKnownFileType = sourcecode.swift; path = Cities.swift; sourceTree = "<group>"; };
		C7A31CB223CFF40900271E76 /* en */ = {isa = PBXFileReference; lastKnownFileType = text.plist.strings; name = en; path = en.lproj/Localizable.strings; sourceTree = "<group>"; };
		C7A31CB423CFF41E00271E76 /* pt-PT */ = {isa = PBXFileReference; lastKnownFileType = text.plist.strings; name = "pt-PT"; path = "pt-PT.lproj/Localizable.strings"; sourceTree = "<group>"; };
		C7A81B9C239883BB00B59A7A /* ArtworkView.swift */ = {isa = PBXFileReference; lastKnownFileType = sourcecode.swift; path = ArtworkView.swift; sourceTree = "<group>"; };
		C7B62394236FE1B900CF4CF6 /* TabBarController.swift */ = {isa = PBXFileReference; lastKnownFileType = sourcecode.swift; path = TabBarController.swift; sourceTree = "<group>"; };
		C7B62397236FE20700CF4CF6 /* User.swift */ = {isa = PBXFileReference; lastKnownFileType = sourcecode.swift; path = User.swift; sourceTree = "<group>"; };
		C7CA1DFA236FE5F200A1A72A /* Base */ = {isa = PBXFileReference; lastKnownFileType = file.storyboard; name = Base; path = Base.lproj/Main.storyboard; sourceTree = "<group>"; };
		C7CCE91F23CCDDF5001F399E /* GoogleService-Info.plist */ = {isa = PBXFileReference; fileEncoding = 4; lastKnownFileType = text.plist.xml; path = "GoogleService-Info.plist"; sourceTree = "<group>"; };
		C7CCE92123CCE556001F399E /* PushNotificationManager.swift */ = {isa = PBXFileReference; lastKnownFileType = sourcecode.swift; path = PushNotificationManager.swift; sourceTree = "<group>"; };
		C7CCE92323CD1629001F399E /* PushNotificationSender.swift */ = {isa = PBXFileReference; lastKnownFileType = sourcecode.swift; path = PushNotificationSender.swift; sourceTree = "<group>"; };
		C7D6EF6123711B6200D33E4B /* SceneDelegate.swift */ = {isa = PBXFileReference; fileEncoding = 4; lastKnownFileType = sourcecode.swift; path = SceneDelegate.swift; sourceTree = "<group>"; };
		C7D933992399F98300CC5464 /* ReviewTableViewCell.swift */ = {isa = PBXFileReference; lastKnownFileType = sourcecode.swift; path = ReviewTableViewCell.swift; sourceTree = "<group>"; };
		C7E3D18123D20BEC005183C1 /* ListReviewsViewController.swift */ = {isa = PBXFileReference; lastKnownFileType = sourcecode.swift; path = ListReviewsViewController.swift; sourceTree = "<group>"; };
		C7E9E67923710082004BB27C /* ProfileViewController.swift */ = {isa = PBXFileReference; lastKnownFileType = sourcecode.swift; path = ProfileViewController.swift; sourceTree = "<group>"; };
		C7F805F02399351C005E1212 /* LocalDetailedViewController.swift */ = {isa = PBXFileReference; lastKnownFileType = sourcecode.swift; path = LocalDetailedViewController.swift; sourceTree = "<group>"; };
		D7D700F0C14C9D7F9D4CB253 /* Pods-localhost-localhostUITests.debug.xcconfig */ = {isa = PBXFileReference; includeInIndex = 1; lastKnownFileType = text.xcconfig; name = "Pods-localhost-localhostUITests.debug.xcconfig"; path = "Target Support Files/Pods-localhost-localhostUITests/Pods-localhost-localhostUITests.debug.xcconfig"; sourceTree = "<group>"; };
		DB2C673CDC94E2B79A1C4DB8 /* Pods-localhost.debug.xcconfig */ = {isa = PBXFileReference; includeInIndex = 1; lastKnownFileType = text.xcconfig; name = "Pods-localhost.debug.xcconfig"; path = "Target Support Files/Pods-localhost/Pods-localhost.debug.xcconfig"; sourceTree = "<group>"; };
		EABC756ECEE2BDCF6FCFAE9D /* Pods_localhost.framework */ = {isa = PBXFileReference; explicitFileType = wrapper.framework; includeInIndex = 0; path = Pods_localhost.framework; sourceTree = BUILT_PRODUCTS_DIR; };
		EBBBBD2923CD2958009B8496 /* ModalDetailPageViewController.swift */ = {isa = PBXFileReference; lastKnownFileType = sourcecode.swift; path = ModalDetailPageViewController.swift; sourceTree = "<group>"; };
		F24F07567EAA7F6A8B6FE504 /* Pods-localhost-localhostUITests.release.xcconfig */ = {isa = PBXFileReference; includeInIndex = 1; lastKnownFileType = text.xcconfig; name = "Pods-localhost-localhostUITests.release.xcconfig"; path = "Target Support Files/Pods-localhost-localhostUITests/Pods-localhost-localhostUITests.release.xcconfig"; sourceTree = "<group>"; };
/* End PBXFileReference section */

/* Begin PBXFrameworksBuildPhase section */
		5B1748CB23634BB3004532AE /* Frameworks */ = {
			isa = PBXFrameworksBuildPhase;
			buildActionMask = 2147483647;
			files = (
				31DF515B73DD850C4ABDB745 /* Pods_localhost.framework in Frameworks */,
			);
			runOnlyForDeploymentPostprocessing = 0;
		};
		5B1748E123634BB5004532AE /* Frameworks */ = {
			isa = PBXFrameworksBuildPhase;
			buildActionMask = 2147483647;
			files = (
				9FFF675A78A806AB3504979F /* Pods_localhostTests.framework in Frameworks */,
			);
			runOnlyForDeploymentPostprocessing = 0;
		};
		5B1748EC23634BB5004532AE /* Frameworks */ = {
			isa = PBXFrameworksBuildPhase;
			buildActionMask = 2147483647;
			files = (
				08A464627A195C6A2873CF84 /* Pods_localhost_localhostUITests.framework in Frameworks */,
			);
			runOnlyForDeploymentPostprocessing = 0;
		};
/* End PBXFrameworksBuildPhase section */

/* Begin PBXGroup section */
		2AF1A7DD9698DDF5E4191CB1 /* Frameworks */ = {
			isa = PBXGroup;
			children = (
				EABC756ECEE2BDCF6FCFAE9D /* Pods_localhost.framework */,
				8310D0417BE2BF3022CAE98E /* Pods_localhost_localhostUITests.framework */,
				4DB14336AA67FCAA43C22716 /* Pods_localhostTests.framework */,
			);
			name = Frameworks;
			sourceTree = "<group>";
		};
		5A2032A8291EE2ED5D730417 /* Pods */ = {
			isa = PBXGroup;
			children = (
				DB2C673CDC94E2B79A1C4DB8 /* Pods-localhost.debug.xcconfig */,
				854FD002A07AE702A8ADB2E0 /* Pods-localhost.release.xcconfig */,
				D7D700F0C14C9D7F9D4CB253 /* Pods-localhost-localhostUITests.debug.xcconfig */,
				F24F07567EAA7F6A8B6FE504 /* Pods-localhost-localhostUITests.release.xcconfig */,
				7F954917C992F384FB4FCEF7 /* Pods-localhostTests.debug.xcconfig */,
				A8E9A9CBCA1B3BECDAADC893 /* Pods-localhostTests.release.xcconfig */,
			);
			path = Pods;
			sourceTree = "<group>";
		};
		5B1748C523634BB3004532AE = {
			isa = PBXGroup;
			children = (
				C7B62396236FE1FE00CF4CF6 /* models */,
				C766EC5D236FD5370006A248 /* utils */,
				C72BAED4236FA6E30022C461 /* controllers */,
				5B1748D023634BB3004532AE /* localhost */,
				5B1748E723634BB5004532AE /* localhostTests */,
				5B1748F223634BB6004532AE /* localhostUITests */,
				5B1748CF23634BB3004532AE /* Products */,
				5A2032A8291EE2ED5D730417 /* Pods */,
				2AF1A7DD9698DDF5E4191CB1 /* Frameworks */,
			);
			sourceTree = "<group>";
		};
		5B1748CF23634BB3004532AE /* Products */ = {
			isa = PBXGroup;
			children = (
				5B1748CE23634BB3004532AE /* Localhost.app */,
				5B1748E423634BB5004532AE /* localhostTests.xctest */,
				5B1748EF23634BB5004532AE /* localhostUITests.xctest */,
			);
			name = Products;
			sourceTree = "<group>";
		};
		5B1748D023634BB3004532AE /* localhost */ = {
			isa = PBXGroup;
			children = (
				C75996462388C2D100E23CE5 /* Localhost.entitlements */,
				C7D6EF6123711B6200D33E4B /* SceneDelegate.swift */,
				5B1748D123634BB3004532AE /* AppDelegate.swift */,
				5B1748DA23634BB5004532AE /* Assets.xcassets */,
				C7CCE91F23CCDDF5001F399E /* GoogleService-Info.plist */,
				5B1748DC23634BB5004532AE /* LaunchScreen.storyboard */,
				C7CA1DF9236FE5F200A1A72A /* Main.storyboard */,
				5B1748DF23634BB5004532AE /* Info.plist */,
				C7A31CB323CFF40900271E76 /* Localizable.strings */,
			);
			path = localhost;
			sourceTree = "<group>";
		};
		5B1748E723634BB5004532AE /* localhostTests */ = {
			isa = PBXGroup;
			children = (
				5B1748E823634BB5004532AE /* localhostTests.swift */,
				5B1748EA23634BB5004532AE /* Info.plist */,
			);
			path = localhostTests;
			sourceTree = "<group>";
		};
		5B1748F223634BB6004532AE /* localhostUITests */ = {
			isa = PBXGroup;
			children = (
				5B1748F323634BB6004532AE /* localhostUITests.swift */,
				5B1748F523634BB6004532AE /* Info.plist */,
			);
			path = localhostUITests;
			sourceTree = "<group>";
		};
		C72BAED4236FA6E30022C461 /* controllers */ = {
			isa = PBXGroup;
			children = (
				C766EC5B236FD4FC0006A248 /* InfoViewController.swift */,
				C766EC64236FDCDD0006A248 /* ListFiltersController.swift */,
				C72BAED9236FC4240022C461 /* LocationSearchTableController.swift */,
				C766EC66236FDE530006A248 /* LoginViewController.swift */,
				C766EC57236FD1120006A248 /* MapFiltersController.swift */,
				C72BAED7236FC2A40022C461 /* MapViewController.swift */,
				C766EC62236FDB4D0006A248 /* PlacesListViewController.swift */,
				C7E9E67923710082004BB27C /* ProfileViewController.swift */,
				C766EC60236FD9AD0006A248 /* RecommendationsViewController.swift */,
				C766EC68236FDE5E0006A248 /* RegisterViewController.swift */,
				C766EC59236FD4D20006A248 /* SettingsViewController.swift */,
				C7B62394236FE1B900CF4CF6 /* TabBarController.swift */,
				C711AD7D238D7E4000A58DE7 /* MapAnnotationDetailController.swift */,
				C776DE642395268D00EA1767 /* LocalTableViewCell.swift */,
				C75321DA239688CC003BB49C /* CustomAnotation.swift */,
				C720D48B239844220039A433 /* InitialViewController.swift */,
				230E0E8423986944001AB7E6 /* FiltersTableViewController.swift */,
				C7F805F02399351C005E1212 /* LocalDetailedViewController.swift */,
				C7D933992399F98300CC5464 /* ReviewTableViewCell.swift */,
				9996804C23B6873B00724F45 /* ChatViewController.swift */,
				99D4020323B803060093ADBC /* AskAdviceViewController.swift */,
				99D4020523BA3BA50093ADBC /* QuestionTableViewCell.swift */,
				5BAA241423BE545F007F7146 /* MapAnnotationModalViewController.swift */,
				EBBBBD2923CD2958009B8496 /* ModalDetailPageViewController.swift */,
				5B5FF03B23CE3847009B8AC7 /* ReviewsViewController.swift */,
				C7E3D18123D20BEC005183C1 /* ListReviewsViewController.swift */,
			);
			path = controllers;
			sourceTree = "<group>";
		};
		C766EC5D236FD5370006A248 /* utils */ = {
			isa = PBXGroup;
			children = (
				C766EC5E236FD5420006A248 /* Utils.swift */,
				C78DA8482381EE8500CCD60C /* NetworkHandler.swift */,
				C78DA84A2382145F00CCD60C /* NetworkErrors.swift */,
				C78DA84C2382263400CCD60C /* Cities.swift */,
				C769DE802383953200020527 /* KeychainPasswordItem.swift */,
				C769DE8223839C9400020527 /* BiometricAuth.swift */,
				C720D48F23984E7E0039A433 /* Items.swift */,
				C720D491239879C50039A433 /* Artwork.swift */,
				C7A81B9C239883BB00B59A7A /* ArtworkView.swift */,
				C7CCE92123CCE556001F399E /* PushNotificationManager.swift */,
				C7CCE92323CD1629001F399E /* PushNotificationSender.swift */,
			);
			path = utils;
			sourceTree = "<group>";
		};
		C7B62396236FE1FE00CF4CF6 /* models */ = {
			isa = PBXGroup;
			children = (
				C7B62397236FE20700CF4CF6 /* User.swift */,
				C711AD7F239040AF00A58DE7 /* Local.swift */,
				C711AD81239045E300A58DE7 /* Review.swift */,
				C776DE622395220E00EA1767 /* UserReviewer.swift */,
				9996804E23B6886A00724F45 /* Chat.swift */,
				9996805023B6887600724F45 /* Message.swift */,
				99D4020723BA3F070093ADBC /* Question.swift */,
			);
			path = models;
			sourceTree = "<group>";
		};
/* End PBXGroup section */

/* Begin PBXNativeTarget section */
		5B1748CD23634BB3004532AE /* localhost */ = {
			isa = PBXNativeTarget;
			buildConfigurationList = 5B1748F823634BB6004532AE /* Build configuration list for PBXNativeTarget "localhost" */;
			buildPhases = (
				EF950C074B64645C236F4388 /* [CP] Check Pods Manifest.lock */,
				5B1748CA23634BB3004532AE /* Sources */,
				5B1748CB23634BB3004532AE /* Frameworks */,
				5B1748CC23634BB3004532AE /* Resources */,
				A4FF29AC65AF5EDB0FB653F2 /* [CP] Embed Pods Frameworks */,
			);
			buildRules = (
			);
			dependencies = (
			);
			name = localhost;
			productName = localhost;
			productReference = 5B1748CE23634BB3004532AE /* Localhost.app */;
			productType = "com.apple.product-type.application";
		};
		5B1748E323634BB5004532AE /* localhostTests */ = {
			isa = PBXNativeTarget;
			buildConfigurationList = 5B1748FB23634BB6004532AE /* Build configuration list for PBXNativeTarget "localhostTests" */;
			buildPhases = (
				67A9A8F73036A057B1BEE0F7 /* [CP] Check Pods Manifest.lock */,
				5B1748E023634BB5004532AE /* Sources */,
				5B1748E123634BB5004532AE /* Frameworks */,
				5B1748E223634BB5004532AE /* Resources */,
			);
			buildRules = (
			);
			dependencies = (
				5B1748E623634BB5004532AE /* PBXTargetDependency */,
			);
			name = localhostTests;
			productName = localhostTests;
			productReference = 5B1748E423634BB5004532AE /* localhostTests.xctest */;
			productType = "com.apple.product-type.bundle.unit-test";
		};
		5B1748EE23634BB5004532AE /* localhostUITests */ = {
			isa = PBXNativeTarget;
			buildConfigurationList = 5B1748FE23634BB6004532AE /* Build configuration list for PBXNativeTarget "localhostUITests" */;
			buildPhases = (
				45849C7C7C025480535F5A4B /* [CP] Check Pods Manifest.lock */,
				5B1748EB23634BB5004532AE /* Sources */,
				5B1748EC23634BB5004532AE /* Frameworks */,
				5B1748ED23634BB5004532AE /* Resources */,
				1F5CB9568C68668F6BA92F9E /* [CP] Embed Pods Frameworks */,
			);
			buildRules = (
			);
			dependencies = (
				5B1748F123634BB5004532AE /* PBXTargetDependency */,
			);
			name = localhostUITests;
			productName = localhostUITests;
			productReference = 5B1748EF23634BB5004532AE /* localhostUITests.xctest */;
			productType = "com.apple.product-type.bundle.ui-testing";
		};
/* End PBXNativeTarget section */

/* Begin PBXProject section */
		5B1748C623634BB3004532AE /* Project object */ = {
			isa = PBXProject;
			attributes = {
				LastSwiftUpdateCheck = 1100;
				LastUpgradeCheck = 1100;
				ORGANIZATIONNAME = "Pedro Miguel Prates Alves";
				TargetAttributes = {
					5B1748CD23634BB3004532AE = {
						CreatedOnToolsVersion = 11.0;
					};
					5B1748E323634BB5004532AE = {
						CreatedOnToolsVersion = 11.0;
						TestTargetID = 5B1748CD23634BB3004532AE;
					};
					5B1748EE23634BB5004532AE = {
						CreatedOnToolsVersion = 11.0;
						TestTargetID = 5B1748CD23634BB3004532AE;
					};
				};
			};
			buildConfigurationList = 5B1748C923634BB3004532AE /* Build configuration list for PBXProject "localhost" */;
			compatibilityVersion = "Xcode 9.3";
			developmentRegion = en;
			hasScannedForEncodings = 0;
			knownRegions = (
				en,
				Base,
				"pt-PT",
			);
			mainGroup = 5B1748C523634BB3004532AE;
			productRefGroup = 5B1748CF23634BB3004532AE /* Products */;
			projectDirPath = "";
			projectRoot = "";
			targets = (
				5B1748CD23634BB3004532AE /* localhost */,
				5B1748E323634BB5004532AE /* localhostTests */,
				5B1748EE23634BB5004532AE /* localhostUITests */,
			);
		};
/* End PBXProject section */

/* Begin PBXResourcesBuildPhase section */
		5B1748CC23634BB3004532AE /* Resources */ = {
			isa = PBXResourcesBuildPhase;
			buildActionMask = 2147483647;
			files = (
				C7A31CB123CFF40900271E76 /* Localizable.strings in Resources */,
				C7CA1DFB236FE5F200A1A72A /* Main.storyboard in Resources */,
				C7CCE92023CCDDF6001F399E /* GoogleService-Info.plist in Resources */,
				5B1748DE23634BB5004532AE /* LaunchScreen.storyboard in Resources */,
				5B1748DB23634BB5004532AE /* Assets.xcassets in Resources */,
			);
			runOnlyForDeploymentPostprocessing = 0;
		};
		5B1748E223634BB5004532AE /* Resources */ = {
			isa = PBXResourcesBuildPhase;
			buildActionMask = 2147483647;
			files = (
			);
			runOnlyForDeploymentPostprocessing = 0;
		};
		5B1748ED23634BB5004532AE /* Resources */ = {
			isa = PBXResourcesBuildPhase;
			buildActionMask = 2147483647;
			files = (
			);
			runOnlyForDeploymentPostprocessing = 0;
		};
/* End PBXResourcesBuildPhase section */

/* Begin PBXShellScriptBuildPhase section */
		1F5CB9568C68668F6BA92F9E /* [CP] Embed Pods Frameworks */ = {
			isa = PBXShellScriptBuildPhase;
			buildActionMask = 2147483647;
			files = (
			);
			inputFileListPaths = (
				"${PODS_ROOT}/Target Support Files/Pods-localhost-localhostUITests/Pods-localhost-localhostUITests-frameworks-${CONFIGURATION}-input-files.xcfilelist",
			);
			name = "[CP] Embed Pods Frameworks";
			outputFileListPaths = (
				"${PODS_ROOT}/Target Support Files/Pods-localhost-localhostUITests/Pods-localhost-localhostUITests-frameworks-${CONFIGURATION}-output-files.xcfilelist",
			);
			runOnlyForDeploymentPostprocessing = 0;
			shellPath = /bin/sh;
			shellScript = "\"${PODS_ROOT}/Target Support Files/Pods-localhost-localhostUITests/Pods-localhost-localhostUITests-frameworks.sh\"\n";
			showEnvVarsInLog = 0;
		};
		45849C7C7C025480535F5A4B /* [CP] Check Pods Manifest.lock */ = {
			isa = PBXShellScriptBuildPhase;
			buildActionMask = 2147483647;
			files = (
			);
			inputFileListPaths = (
			);
			inputPaths = (
				"${PODS_PODFILE_DIR_PATH}/Podfile.lock",
				"${PODS_ROOT}/Manifest.lock",
			);
			name = "[CP] Check Pods Manifest.lock";
			outputFileListPaths = (
			);
			outputPaths = (
				"$(DERIVED_FILE_DIR)/Pods-localhost-localhostUITests-checkManifestLockResult.txt",
			);
			runOnlyForDeploymentPostprocessing = 0;
			shellPath = /bin/sh;
			shellScript = "diff \"${PODS_PODFILE_DIR_PATH}/Podfile.lock\" \"${PODS_ROOT}/Manifest.lock\" > /dev/null\nif [ $? != 0 ] ; then\n    # print error to STDERR\n    echo \"error: The sandbox is not in sync with the Podfile.lock. Run 'pod install' or update your CocoaPods installation.\" >&2\n    exit 1\nfi\n# This output is used by Xcode 'outputs' to avoid re-running this script phase.\necho \"SUCCESS\" > \"${SCRIPT_OUTPUT_FILE_0}\"\n";
			showEnvVarsInLog = 0;
		};
		67A9A8F73036A057B1BEE0F7 /* [CP] Check Pods Manifest.lock */ = {
			isa = PBXShellScriptBuildPhase;
			buildActionMask = 2147483647;
			files = (
			);
			inputFileListPaths = (
			);
			inputPaths = (
				"${PODS_PODFILE_DIR_PATH}/Podfile.lock",
				"${PODS_ROOT}/Manifest.lock",
			);
			name = "[CP] Check Pods Manifest.lock";
			outputFileListPaths = (
			);
			outputPaths = (
				"$(DERIVED_FILE_DIR)/Pods-localhostTests-checkManifestLockResult.txt",
			);
			runOnlyForDeploymentPostprocessing = 0;
			shellPath = /bin/sh;
			shellScript = "diff \"${PODS_PODFILE_DIR_PATH}/Podfile.lock\" \"${PODS_ROOT}/Manifest.lock\" > /dev/null\nif [ $? != 0 ] ; then\n    # print error to STDERR\n    echo \"error: The sandbox is not in sync with the Podfile.lock. Run 'pod install' or update your CocoaPods installation.\" >&2\n    exit 1\nfi\n# This output is used by Xcode 'outputs' to avoid re-running this script phase.\necho \"SUCCESS\" > \"${SCRIPT_OUTPUT_FILE_0}\"\n";
			showEnvVarsInLog = 0;
		};
		A4FF29AC65AF5EDB0FB653F2 /* [CP] Embed Pods Frameworks */ = {
			isa = PBXShellScriptBuildPhase;
			buildActionMask = 2147483647;
			files = (
			);
			inputFileListPaths = (
				"${PODS_ROOT}/Target Support Files/Pods-localhost/Pods-localhost-frameworks-${CONFIGURATION}-input-files.xcfilelist",
			);
			name = "[CP] Embed Pods Frameworks";
			outputFileListPaths = (
				"${PODS_ROOT}/Target Support Files/Pods-localhost/Pods-localhost-frameworks-${CONFIGURATION}-output-files.xcfilelist",
			);
			runOnlyForDeploymentPostprocessing = 0;
			shellPath = /bin/sh;
			shellScript = "\"${PODS_ROOT}/Target Support Files/Pods-localhost/Pods-localhost-frameworks.sh\"\n";
			showEnvVarsInLog = 0;
		};
		EF950C074B64645C236F4388 /* [CP] Check Pods Manifest.lock */ = {
			isa = PBXShellScriptBuildPhase;
			buildActionMask = 2147483647;
			files = (
			);
			inputFileListPaths = (
			);
			inputPaths = (
				"${PODS_PODFILE_DIR_PATH}/Podfile.lock",
				"${PODS_ROOT}/Manifest.lock",
			);
			name = "[CP] Check Pods Manifest.lock";
			outputFileListPaths = (
			);
			outputPaths = (
				"$(DERIVED_FILE_DIR)/Pods-localhost-checkManifestLockResult.txt",
			);
			runOnlyForDeploymentPostprocessing = 0;
			shellPath = /bin/sh;
			shellScript = "diff \"${PODS_PODFILE_DIR_PATH}/Podfile.lock\" \"${PODS_ROOT}/Manifest.lock\" > /dev/null\nif [ $? != 0 ] ; then\n    # print error to STDERR\n    echo \"error: The sandbox is not in sync with the Podfile.lock. Run 'pod install' or update your CocoaPods installation.\" >&2\n    exit 1\nfi\n# This output is used by Xcode 'outputs' to avoid re-running this script phase.\necho \"SUCCESS\" > \"${SCRIPT_OUTPUT_FILE_0}\"\n";
			showEnvVarsInLog = 0;
		};
/* End PBXShellScriptBuildPhase section */

/* Begin PBXSourcesBuildPhase section */
		5B1748CA23634BB3004532AE /* Sources */ = {
			isa = PBXSourcesBuildPhase;
			buildActionMask = 2147483647;
			files = (
				C7CCE92223CCE556001F399E /* PushNotificationManager.swift in Sources */,
				C720D492239879C50039A433 /* Artwork.swift in Sources */,
				C75321DB239688CC003BB49C /* CustomAnotation.swift in Sources */,
				C766EC58236FD1120006A248 /* MapFiltersController.swift in Sources */,
				C720D49023984E7E0039A433 /* Items.swift in Sources */,
				230E0E8523986944001AB7E6 /* FiltersTableViewController.swift in Sources */,
				C766EC69236FDE5E0006A248 /* RegisterViewController.swift in Sources */,
				C7CCE92423CD1629001F399E /* PushNotificationSender.swift in Sources */,
				C7E3D18223D20BEC005183C1 /* ListReviewsViewController.swift in Sources */,
				C766EC67236FDE530006A248 /* LoginViewController.swift in Sources */,
				C769DE8323839C9400020527 /* BiometricAuth.swift in Sources */,
				C766EC5F236FD5420006A248 /* Utils.swift in Sources */,
				C766EC5A236FD4D20006A248 /* SettingsViewController.swift in Sources */,
				C72BAEDA236FC4240022C461 /* LocationSearchTableController.swift in Sources */,
				C7E9E67A23710082004BB27C /* ProfileViewController.swift in Sources */,
				C7D6EF6223711B6300D33E4B /* SceneDelegate.swift in Sources */,
				9996804F23B6886A00724F45 /* Chat.swift in Sources */,
				5B1748D223634BB3004532AE /* AppDelegate.swift in Sources */,
				C78DA8492381EE8500CCD60C /* NetworkHandler.swift in Sources */,
				99D4020423B803060093ADBC /* AskAdviceViewController.swift in Sources */,
				C7B62398236FE20700CF4CF6 /* User.swift in Sources */,
				C766EC61236FD9AD0006A248 /* RecommendationsViewController.swift in Sources */,
				C7A81B9D239883BB00B59A7A /* ArtworkView.swift in Sources */,
				C766EC65236FDCDD0006A248 /* ListFiltersController.swift in Sources */,
				C720D48C239844220039A433 /* InitialViewController.swift in Sources */,
				C78DA84D2382263400CCD60C /* Cities.swift in Sources */,
				C766EC5C236FD4FC0006A248 /* InfoViewController.swift in Sources */,
				C769DE812383953200020527 /* KeychainPasswordItem.swift in Sources */,
				99D4020823BA3F070093ADBC /* Question.swift in Sources */,
				C711AD82239045E300A58DE7 /* Review.swift in Sources */,
				C7B62395236FE1B900CF4CF6 /* TabBarController.swift in Sources */,
				99D4020623BA3BA50093ADBC /* QuestionTableViewCell.swift in Sources */,
				5B5FF03C23CE3847009B8AC7 /* ReviewsViewController.swift in Sources */,
				C766EC63236FDB4D0006A248 /* PlacesListViewController.swift in Sources */,
				EBBBBD2A23CD2958009B8496 /* ModalDetailPageViewController.swift in Sources */,
				C72BAED8236FC2A40022C461 /* MapViewController.swift in Sources */,
				9996805123B6887600724F45 /* Message.swift in Sources */,
				5BAA241523BE545F007F7146 /* MapAnnotationModalViewController.swift in Sources */,
				C711AD7E238D7E4000A58DE7 /* MapAnnotationDetailController.swift in Sources */,
				C7F805F12399351C005E1212 /* LocalDetailedViewController.swift in Sources */,
				C711AD80239040AF00A58DE7 /* Local.swift in Sources */,
				C776DE652395268D00EA1767 /* LocalTableViewCell.swift in Sources */,
				C7D9339A2399F98300CC5464 /* ReviewTableViewCell.swift in Sources */,
				C78DA84B2382145F00CCD60C /* NetworkErrors.swift in Sources */,
				9996804D23B6873B00724F45 /* ChatViewController.swift in Sources */,
				C776DE632395220E00EA1767 /* UserReviewer.swift in Sources */,
			);
			runOnlyForDeploymentPostprocessing = 0;
		};
		5B1748E023634BB5004532AE /* Sources */ = {
			isa = PBXSourcesBuildPhase;
			buildActionMask = 2147483647;
			files = (
				5B1748E923634BB5004532AE /* localhostTests.swift in Sources */,
			);
			runOnlyForDeploymentPostprocessing = 0;
		};
		5B1748EB23634BB5004532AE /* Sources */ = {
			isa = PBXSourcesBuildPhase;
			buildActionMask = 2147483647;
			files = (
				5B1748F423634BB6004532AE /* localhostUITests.swift in Sources */,
			);
			runOnlyForDeploymentPostprocessing = 0;
		};
/* End PBXSourcesBuildPhase section */

/* Begin PBXTargetDependency section */
		5B1748E623634BB5004532AE /* PBXTargetDependency */ = {
			isa = PBXTargetDependency;
			target = 5B1748CD23634BB3004532AE /* localhost */;
			targetProxy = 5B1748E523634BB5004532AE /* PBXContainerItemProxy */;
		};
		5B1748F123634BB5004532AE /* PBXTargetDependency */ = {
			isa = PBXTargetDependency;
			target = 5B1748CD23634BB3004532AE /* localhost */;
			targetProxy = 5B1748F023634BB5004532AE /* PBXContainerItemProxy */;
		};
/* End PBXTargetDependency section */

/* Begin PBXVariantGroup section */
		5B1748DC23634BB5004532AE /* LaunchScreen.storyboard */ = {
			isa = PBXVariantGroup;
			children = (
				5B1748DD23634BB5004532AE /* Base */,
			);
			name = LaunchScreen.storyboard;
			sourceTree = "<group>";
		};
		C7A31CB323CFF40900271E76 /* Localizable.strings */ = {
			isa = PBXVariantGroup;
			children = (
				C7A31CB223CFF40900271E76 /* en */,
				C7A31CB423CFF41E00271E76 /* pt-PT */,
			);
			name = Localizable.strings;
			sourceTree = "<group>";
		};
		C7CA1DF9236FE5F200A1A72A /* Main.storyboard */ = {
			isa = PBXVariantGroup;
			children = (
				C7CA1DFA236FE5F200A1A72A /* Base */,
				C75A19A723D243240097C38E /* pt-PT */,
				C75A19AB23D24A710097C38E /* en */,
			);
			name = Main.storyboard;
			sourceTree = "<group>";
		};
/* End PBXVariantGroup section */

/* Begin XCBuildConfiguration section */
		5B1748F623634BB6004532AE /* Debug */ = {
			isa = XCBuildConfiguration;
			buildSettings = {
				ALWAYS_SEARCH_USER_PATHS = NO;
				CLANG_ANALYZER_LOCALIZABILITY_NONLOCALIZED = YES;
				CLANG_ANALYZER_NONNULL = YES;
				CLANG_ANALYZER_NUMBER_OBJECT_CONVERSION = YES_AGGRESSIVE;
				CLANG_CXX_LANGUAGE_STANDARD = "gnu++14";
				CLANG_CXX_LIBRARY = "libc++";
				CLANG_ENABLE_MODULES = YES;
				CLANG_ENABLE_OBJC_ARC = YES;
				CLANG_ENABLE_OBJC_WEAK = YES;
				CLANG_WARN_BLOCK_CAPTURE_AUTORELEASING = YES;
				CLANG_WARN_BOOL_CONVERSION = YES;
				CLANG_WARN_COMMA = YES;
				CLANG_WARN_CONSTANT_CONVERSION = YES;
				CLANG_WARN_DEPRECATED_OBJC_IMPLEMENTATIONS = YES;
				CLANG_WARN_DIRECT_OBJC_ISA_USAGE = YES_ERROR;
				CLANG_WARN_DOCUMENTATION_COMMENTS = YES;
				CLANG_WARN_EMPTY_BODY = YES;
				CLANG_WARN_ENUM_CONVERSION = YES;
				CLANG_WARN_INFINITE_RECURSION = YES;
				CLANG_WARN_INT_CONVERSION = YES;
				CLANG_WARN_NON_LITERAL_NULL_CONVERSION = YES;
				CLANG_WARN_OBJC_IMPLICIT_RETAIN_SELF = YES;
				CLANG_WARN_OBJC_LITERAL_CONVERSION = YES;
				CLANG_WARN_OBJC_ROOT_CLASS = YES_ERROR;
				CLANG_WARN_RANGE_LOOP_ANALYSIS = YES;
				CLANG_WARN_STRICT_PROTOTYPES = YES;
				CLANG_WARN_SUSPICIOUS_MOVE = YES;
				CLANG_WARN_UNGUARDED_AVAILABILITY = YES_AGGRESSIVE;
				CLANG_WARN_UNREACHABLE_CODE = YES;
				CLANG_WARN__DUPLICATE_METHOD_MATCH = YES;
				COPY_PHASE_STRIP = NO;
				DEBUG_INFORMATION_FORMAT = dwarf;
				ENABLE_STRICT_OBJC_MSGSEND = YES;
				ENABLE_TESTABILITY = YES;
				GCC_C_LANGUAGE_STANDARD = gnu11;
				GCC_DYNAMIC_NO_PIC = NO;
				GCC_NO_COMMON_BLOCKS = YES;
				GCC_OPTIMIZATION_LEVEL = 0;
				GCC_PREPROCESSOR_DEFINITIONS = (
					"DEBUG=1",
					"$(inherited)",
				);
				GCC_WARN_64_TO_32_BIT_CONVERSION = YES;
				GCC_WARN_ABOUT_RETURN_TYPE = YES_ERROR;
				GCC_WARN_UNDECLARED_SELECTOR = YES;
				GCC_WARN_UNINITIALIZED_AUTOS = YES_AGGRESSIVE;
				GCC_WARN_UNUSED_FUNCTION = YES;
				GCC_WARN_UNUSED_VARIABLE = YES;
				IPHONEOS_DEPLOYMENT_TARGET = 13.0;
				MTL_ENABLE_DEBUG_INFO = INCLUDE_SOURCE;
				MTL_FAST_MATH = YES;
				ONLY_ACTIVE_ARCH = YES;
				SDKROOT = iphoneos;
				SWIFT_ACTIVE_COMPILATION_CONDITIONS = DEBUG;
				SWIFT_OPTIMIZATION_LEVEL = "-Onone";
			};
			name = Debug;
		};
		5B1748F723634BB6004532AE /* Release */ = {
			isa = XCBuildConfiguration;
			buildSettings = {
				ALWAYS_SEARCH_USER_PATHS = NO;
				CLANG_ANALYZER_LOCALIZABILITY_NONLOCALIZED = YES;
				CLANG_ANALYZER_NONNULL = YES;
				CLANG_ANALYZER_NUMBER_OBJECT_CONVERSION = YES_AGGRESSIVE;
				CLANG_CXX_LANGUAGE_STANDARD = "gnu++14";
				CLANG_CXX_LIBRARY = "libc++";
				CLANG_ENABLE_MODULES = YES;
				CLANG_ENABLE_OBJC_ARC = YES;
				CLANG_ENABLE_OBJC_WEAK = YES;
				CLANG_WARN_BLOCK_CAPTURE_AUTORELEASING = YES;
				CLANG_WARN_BOOL_CONVERSION = YES;
				CLANG_WARN_COMMA = YES;
				CLANG_WARN_CONSTANT_CONVERSION = YES;
				CLANG_WARN_DEPRECATED_OBJC_IMPLEMENTATIONS = YES;
				CLANG_WARN_DIRECT_OBJC_ISA_USAGE = YES_ERROR;
				CLANG_WARN_DOCUMENTATION_COMMENTS = YES;
				CLANG_WARN_EMPTY_BODY = YES;
				CLANG_WARN_ENUM_CONVERSION = YES;
				CLANG_WARN_INFINITE_RECURSION = YES;
				CLANG_WARN_INT_CONVERSION = YES;
				CLANG_WARN_NON_LITERAL_NULL_CONVERSION = YES;
				CLANG_WARN_OBJC_IMPLICIT_RETAIN_SELF = YES;
				CLANG_WARN_OBJC_LITERAL_CONVERSION = YES;
				CLANG_WARN_OBJC_ROOT_CLASS = YES_ERROR;
				CLANG_WARN_RANGE_LOOP_ANALYSIS = YES;
				CLANG_WARN_STRICT_PROTOTYPES = YES;
				CLANG_WARN_SUSPICIOUS_MOVE = YES;
				CLANG_WARN_UNGUARDED_AVAILABILITY = YES_AGGRESSIVE;
				CLANG_WARN_UNREACHABLE_CODE = YES;
				CLANG_WARN__DUPLICATE_METHOD_MATCH = YES;
				COPY_PHASE_STRIP = NO;
				DEBUG_INFORMATION_FORMAT = "dwarf-with-dsym";
				ENABLE_NS_ASSERTIONS = NO;
				ENABLE_STRICT_OBJC_MSGSEND = YES;
				GCC_C_LANGUAGE_STANDARD = gnu11;
				GCC_NO_COMMON_BLOCKS = YES;
				GCC_WARN_64_TO_32_BIT_CONVERSION = YES;
				GCC_WARN_ABOUT_RETURN_TYPE = YES_ERROR;
				GCC_WARN_UNDECLARED_SELECTOR = YES;
				GCC_WARN_UNINITIALIZED_AUTOS = YES_AGGRESSIVE;
				GCC_WARN_UNUSED_FUNCTION = YES;
				GCC_WARN_UNUSED_VARIABLE = YES;
				IPHONEOS_DEPLOYMENT_TARGET = 13.0;
				MTL_ENABLE_DEBUG_INFO = NO;
				MTL_FAST_MATH = YES;
				SDKROOT = iphoneos;
				SWIFT_COMPILATION_MODE = wholemodule;
				SWIFT_OPTIMIZATION_LEVEL = "-O";
				VALIDATE_PRODUCT = YES;
			};
			name = Release;
		};
		5B1748F923634BB6004532AE /* Debug */ = {
			isa = XCBuildConfiguration;
			baseConfigurationReference = DB2C673CDC94E2B79A1C4DB8 /* Pods-localhost.debug.xcconfig */;
			buildSettings = {
				ASSETCATALOG_COMPILER_APPICON_NAME = AppIcon;
				CODE_SIGN_ENTITLEMENTS = localhost/Localhost.entitlements;
				CODE_SIGN_IDENTITY = "Apple Development";
				CODE_SIGN_STYLE = Automatic;
				DEVELOPMENT_TEAM = H224JX9UQG;
				INFOPLIST_FILE = localhost/Info.plist;
				IPHONEOS_DEPLOYMENT_TARGET = 12.0;
				LD_RUNPATH_SEARCH_PATHS = (
					"$(inherited)",
					"@executable_path/Frameworks",
				);
				PRODUCT_BUNDLE_IDENTIFIER = pt.ipleiria.localhost;
				PRODUCT_NAME = Localhost;
				PROVISIONING_PROFILE_SPECIFIER = "";
				SWIFT_VERSION = 5.0;
				TARGETED_DEVICE_FAMILY = "1,2";
			};
			name = Debug;
		};
		5B1748FA23634BB6004532AE /* Release */ = {
			isa = XCBuildConfiguration;
			baseConfigurationReference = 854FD002A07AE702A8ADB2E0 /* Pods-localhost.release.xcconfig */;
			buildSettings = {
				ASSETCATALOG_COMPILER_APPICON_NAME = AppIcon;
				CODE_SIGN_ENTITLEMENTS = localhost/Localhost.entitlements;
				CODE_SIGN_IDENTITY = "Apple Development";
				CODE_SIGN_STYLE = Manual;
				DEVELOPMENT_TEAM = "";
				INFOPLIST_FILE = localhost/Info.plist;
				IPHONEOS_DEPLOYMENT_TARGET = 12.0;
				LD_RUNPATH_SEARCH_PATHS = (
					"$(inherited)",
					"@executable_path/Frameworks",
				);
				PRODUCT_BUNDLE_IDENTIFIER = ipleiria.ios10.localhost;
				PRODUCT_NAME = Localhost;
				PROVISIONING_PROFILE_SPECIFIER = "";
				SWIFT_VERSION = 5.0;
				TARGETED_DEVICE_FAMILY = "1,2";
			};
			name = Release;
		};
		5B1748FC23634BB6004532AE /* Debug */ = {
			isa = XCBuildConfiguration;
			baseConfigurationReference = 7F954917C992F384FB4FCEF7 /* Pods-localhostTests.debug.xcconfig */;
			buildSettings = {
				ALWAYS_EMBED_SWIFT_STANDARD_LIBRARIES = YES;
				BUNDLE_LOADER = "$(TEST_HOST)";
				CODE_SIGN_STYLE = Automatic;
				INFOPLIST_FILE = localhostTests/Info.plist;
				IPHONEOS_DEPLOYMENT_TARGET = 13.0;
				LD_RUNPATH_SEARCH_PATHS = (
					"$(inherited)",
					"@executable_path/Frameworks",
					"@loader_path/Frameworks",
				);
				PRODUCT_BUNDLE_IDENTIFIER = ipleiria.localhostTests;
				PRODUCT_NAME = "$(TARGET_NAME)";
				SWIFT_VERSION = 5.0;
				TARGETED_DEVICE_FAMILY = "1,2";
				TEST_HOST = "$(BUILT_PRODUCTS_DIR)/localhost.app/localhost";
			};
			name = Debug;
		};
		5B1748FD23634BB6004532AE /* Release */ = {
			isa = XCBuildConfiguration;
			baseConfigurationReference = A8E9A9CBCA1B3BECDAADC893 /* Pods-localhostTests.release.xcconfig */;
			buildSettings = {
				ALWAYS_EMBED_SWIFT_STANDARD_LIBRARIES = YES;
				BUNDLE_LOADER = "$(TEST_HOST)";
				CODE_SIGN_STYLE = Automatic;
				INFOPLIST_FILE = localhostTests/Info.plist;
				IPHONEOS_DEPLOYMENT_TARGET = 13.0;
				LD_RUNPATH_SEARCH_PATHS = (
					"$(inherited)",
					"@executable_path/Frameworks",
					"@loader_path/Frameworks",
				);
				PRODUCT_BUNDLE_IDENTIFIER = ipleiria.localhostTests;
				PRODUCT_NAME = "$(TARGET_NAME)";
				SWIFT_VERSION = 5.0;
				TARGETED_DEVICE_FAMILY = "1,2";
				TEST_HOST = "$(BUILT_PRODUCTS_DIR)/localhost.app/localhost";
			};
			name = Release;
		};
		5B1748FF23634BB6004532AE /* Debug */ = {
			isa = XCBuildConfiguration;
			baseConfigurationReference = D7D700F0C14C9D7F9D4CB253 /* Pods-localhost-localhostUITests.debug.xcconfig */;
			buildSettings = {
				ALWAYS_EMBED_SWIFT_STANDARD_LIBRARIES = YES;
				CODE_SIGN_STYLE = Automatic;
				INFOPLIST_FILE = localhostUITests/Info.plist;
				LD_RUNPATH_SEARCH_PATHS = (
					"$(inherited)",
					"@executable_path/Frameworks",
					"@loader_path/Frameworks",
				);
				PRODUCT_BUNDLE_IDENTIFIER = ipleiria.localhostUITests;
				PRODUCT_NAME = "$(TARGET_NAME)";
				SWIFT_VERSION = 5.0;
				TARGETED_DEVICE_FAMILY = "1,2";
				TEST_TARGET_NAME = localhost;
			};
			name = Debug;
		};
		5B17490023634BB6004532AE /* Release */ = {
			isa = XCBuildConfiguration;
			baseConfigurationReference = F24F07567EAA7F6A8B6FE504 /* Pods-localhost-localhostUITests.release.xcconfig */;
			buildSettings = {
				ALWAYS_EMBED_SWIFT_STANDARD_LIBRARIES = YES;
				CODE_SIGN_STYLE = Automatic;
				INFOPLIST_FILE = localhostUITests/Info.plist;
				LD_RUNPATH_SEARCH_PATHS = (
					"$(inherited)",
					"@executable_path/Frameworks",
					"@loader_path/Frameworks",
				);
				PRODUCT_BUNDLE_IDENTIFIER = ipleiria.localhostUITests;
				PRODUCT_NAME = "$(TARGET_NAME)";
				SWIFT_VERSION = 5.0;
				TARGETED_DEVICE_FAMILY = "1,2";
				TEST_TARGET_NAME = localhost;
			};
			name = Release;
		};
/* End XCBuildConfiguration section */

/* Begin XCConfigurationList section */
		5B1748C923634BB3004532AE /* Build configuration list for PBXProject "localhost" */ = {
			isa = XCConfigurationList;
			buildConfigurations = (
				5B1748F623634BB6004532AE /* Debug */,
				5B1748F723634BB6004532AE /* Release */,
			);
			defaultConfigurationIsVisible = 0;
			defaultConfigurationName = Release;
		};
		5B1748F823634BB6004532AE /* Build configuration list for PBXNativeTarget "localhost" */ = {
			isa = XCConfigurationList;
			buildConfigurations = (
				5B1748F923634BB6004532AE /* Debug */,
				5B1748FA23634BB6004532AE /* Release */,
			);
			defaultConfigurationIsVisible = 0;
			defaultConfigurationName = Release;
		};
		5B1748FB23634BB6004532AE /* Build configuration list for PBXNativeTarget "localhostTests" */ = {
			isa = XCConfigurationList;
			buildConfigurations = (
				5B1748FC23634BB6004532AE /* Debug */,
				5B1748FD23634BB6004532AE /* Release */,
			);
			defaultConfigurationIsVisible = 0;
			defaultConfigurationName = Release;
		};
		5B1748FE23634BB6004532AE /* Build configuration list for PBXNativeTarget "localhostUITests" */ = {
			isa = XCConfigurationList;
			buildConfigurations = (
				5B1748FF23634BB6004532AE /* Debug */,
				5B17490023634BB6004532AE /* Release */,
			);
			defaultConfigurationIsVisible = 0;
			defaultConfigurationName = Release;
		};
/* End XCConfigurationList section */
	};
	rootObject = 5B1748C623634BB3004532AE /* Project object */;
}
